<?xml version="1.0" encoding="utf-8"?>
<Project ToolsVersion="4.0" xmlns="http://schemas.microsoft.com/developer/msbuild/2003">
  <ItemGroup>
    <Filter Include="head">
      <UniqueIdentifier>{93995380-89BD-4b04-88EB-625FBE52EBFB}</UniqueIdentifier>
      <Extensions>h;hh;hpp;hxx;h++;hm;inl;inc;ipp;xsd</Extensions>
    </Filter>
    <Filter Include="src">
      <UniqueIdentifier>{4FC737F1-C7A5-4376-A066-2A32D752A2FF}</UniqueIdentifier>
      <Extensions>cpp;c;cc;cxx;c++;cppm;ixx;def;odl;idl;hpj;bat;asm;asmx</Extensions>
    </Filter>
    <Filter Include="head\apfimgui">
      <UniqueIdentifier>{d9c039da-65ee-467f-884b-bf8c51f3a204}</UniqueIdentifier>
    </Filter>
  </ItemGroup>
  <ItemGroup>
    <ClCompile Include="main.cpp">
      <Filter>src</Filter>
    </ClCompile>
    <ClCompile Include="spdlog.cpp">
      <Filter>src</Filter>
    </ClCompile>
    <ClCompile Include="imgui\imgui.cpp">
      <Filter>head\apfimgui</Filter>
    </ClCompile>
    <ClCompile Include="imgui\imgui_demo.cpp">
      <Filter>head\apfimgui</Filter>
    </ClCompile>
    <ClCompile Include="imgui\imgui_draw.cpp">
      <Filter>head\apfimgui</Filter>
    </ClCompile>
    <ClCompile Include="imgui\imgui_impl_glfw.cpp">
      <Filter>head\apfimgui</Filter>
    </ClCompile>
    <ClCompile Include="imgui\imgui_impl_opengl3.cpp">
      <Filter>head\apfimgui</Filter>
    </ClCompile>
    <ClCompile Include="imgui\imgui_tables.cpp">
      <Filter>head\apfimgui</Filter>
    </ClCompile>
    <ClCompile Include="imgui\imgui_widgets.cpp">
      <Filter>head\apfimgui</Filter>
    </ClCompile>
  </ItemGroup>
  <ItemGroup>
    <ClInclude Include="stream.h">
      <Filter>head</Filter>
    </ClInclude>
    <ClInclude Include="spdlog.h">
      <Filter>head</Filter>
    </ClInclude>
    <ClInclude Include="apfimgui.h">
      <Filter>head</Filter>
    </ClInclude>
    <ClInclude Include="GlfwInit.h">
      <Filter>head</Filter>
    </ClInclude>
    <ClInclude Include="imgui\imconfig.h">
      <Filter>head\apfimgui</Filter>
    </ClInclude>
    <ClInclude Include="imgui\imgui.h">
      <Filter>head\apfimgui</Filter>
    </ClInclude>
    <ClInclude Include="imgui\imgui_impl_glfw.h">
      <Filter>head\apfimgui</Filter>
    </ClInclude>
    <ClInclude Include="imgui\imgui_impl_opengl3.h">
      <Filter>head\apfimgui</Filter>
    </ClInclude>
    <ClInclude Include="imgui\imgui_impl_opengl3_loader.h">
      <Filter>head\apfimgui</Filter>
    </ClInclude>
    <ClInclude Include="imgui\imgui_internal.h">
      <Filter>head\apfimgui</Filter>
    </ClInclude>
    <ClInclude Include="imgui\imstb_rectpack.h">
      <Filter>head\apfimgui</Filter>
    </ClInclude>
    <ClInclude Include="imgui\imstb_textedit.h">
      <Filter>head\apfimgui</Filter>
    </ClInclude>
    <ClInclude Include="imgui\imstb_truetype.h">
      <Filter>head\apfimgui</Filter>
    </ClInclude>
    <ClInclude Include="baseInit.h">
      <Filter>head</Filter>
    </ClInclude>
    <ClInclude Include="GlfwFunc.h">
      <Filter>head</Filter>
    </ClInclude>
    <ClInclude Include="Apricot Fish.h">
      <Filter>head</Filter>
    </ClInclude>
    <ClInclude Include="TimerClass.h">
      <Filter>head</Filter>
    </ClInclude>
    <ClInclude Include="ModelLoader.h">
      <Filter>head</Filter>
    </ClInclude>
  </ItemGroup>
  <ItemGroup>
    <None Include="imgui\imgui.ini">
      <Filter>head\apfimgui</Filter>
    </None>
  </ItemGroup>
</Project>